
Microsoft Visual Studio Solution File, Format Version 12.00
# Visual Studio Version 16
VisualStudioVersion = 16.0.29201.188
MinimumVisualStudioVersion = 10.0.40219.1
Project("{FAE04EC0-301F-11D3-BF4B-00C04F79EFBC}") = "Mail", "Mail\Mail.csproj", "{D2E21B75-329D-4848-AF83-C64712095A69}"
EndProject
Global
	GlobalSection(SolutionConfigurationPlatforms) = preSolution
		Debug|Any CPU = Debug|Any CPU
		Release|Any CPU = Release|Any CPU
	EndGlobalSection
	GlobalSection(ProjectConfigurationPlatforms) = postSolution
		{D2E21B75-329D-4848-AF83-C64712095A69}.Debug|Any CPU.ActiveCfg = Debug|Any CPU
		{D2E21B75-329D-4848-AF83-C64712095A69}.Debug|Any CPU.Build.0 = Debug|Any CPU
		{D2E21B75-329D-4848-AF83-C64712095A69}.Release|Any CPU.ActiveCfg = Release|Any CPU
		{D2E21B75-329D-4848-AF83-C64712095A69}.Release|Any CPU.Build.0 = Release|Any CPU
	EndGlobalSection
	GlobalSection(SolutionProperties) = preSolution
		HideSolutionNode = FALSE
	EndGlobalSection
	GlobalSection(ExtensibilityGlobals) = postSolution
		SolutionGuid = {588E5936-0EA4-4F72-B58D-A22591503915}
	EndGlobalSection
EndGlobal
